
Microsoft Visual Studio Solution File, Format Version 12.00
# Visual Studio Version 17
VisualStudioVersion = 17.13.35818.85
MinimumVisualStudioVersion = 10.0.40219.1
Project("{FAE04EC0-301F-11D3-BF4B-00C04F79EFBC}") = "SB.API", "SB.API\SB.API.csproj", "{6DA3D3B9-E149-425B-AAEB-5F3B2A10D483}"
EndProject
Project("{FAE04EC0-301F-11D3-BF4B-00C04F79EFBC}") = "SB.Application", "SB.Application\SB.Application.csproj", "{28695964-CD72-4954-8871-CC2BEE9FDC3A}"
EndProject
Project("{FAE04EC0-301F-11D3-BF4B-00C04F79EFBC}") = "SB.Data", "SB.Data\SB.Data.csproj", "{9BA9A527-8FC4-48F4-9489-4F0701FE1692}"
EndProject
Project("{FAE04EC0-301F-11D3-BF4B-00C04F79EFBC}") = "SB.Models", "SB.Models\SB.Models.csproj", "{0ED297EE-DA04-465C-A5CE-4A8A4DE76401}"
EndProject
Project("{FAE04EC0-301F-11D3-BF4B-00C04F79EFBC}") = "SB.Testing", "SB.Testing\SB.Testing.csproj", "{DA554A8E-B0A3-4E82-9649-E6B5231CF22E}"
EndProject
Global
	GlobalSection(SolutionConfigurationPlatforms) = preSolution
		Debug|Any CPU = Debug|Any CPU
		Release|Any CPU = Release|Any CPU
	EndGlobalSection
	GlobalSection(ProjectConfigurationPlatforms) = postSolution
		{6DA3D3B9-E149-425B-AAEB-5F3B2A10D483}.Debug|Any CPU.ActiveCfg = Debug|Any CPU
		{6DA3D3B9-E149-425B-AAEB-5F3B2A10D483}.Debug|Any CPU.Build.0 = Debug|Any CPU
		{6DA3D3B9-E149-425B-AAEB-5F3B2A10D483}.Release|Any CPU.ActiveCfg = Release|Any CPU
		{6DA3D3B9-E149-425B-AAEB-5F3B2A10D483}.Release|Any CPU.Build.0 = Release|Any CPU
		{28695964-CD72-4954-8871-CC2BEE9FDC3A}.Debug|Any CPU.ActiveCfg = Debug|Any CPU
		{28695964-CD72-4954-8871-CC2BEE9FDC3A}.Debug|Any CPU.Build.0 = Debug|Any CPU
		{28695964-CD72-4954-8871-CC2BEE9FDC3A}.Release|Any CPU.ActiveCfg = Release|Any CPU
		{28695964-CD72-4954-8871-CC2BEE9FDC3A}.Release|Any CPU.Build.0 = Release|Any CPU
		{9BA9A527-8FC4-48F4-9489-4F0701FE1692}.Debug|Any CPU.ActiveCfg = Debug|Any CPU
		{9BA9A527-8FC4-48F4-9489-4F0701FE1692}.Debug|Any CPU.Build.0 = Debug|Any CPU
		{9BA9A527-8FC4-48F4-9489-4F0701FE1692}.Release|Any CPU.ActiveCfg = Release|Any CPU
		{9BA9A527-8FC4-48F4-9489-4F0701FE1692}.Release|Any CPU.Build.0 = Release|Any CPU
		{0ED297EE-DA04-465C-A5CE-4A8A4DE76401}.Debug|Any CPU.ActiveCfg = Debug|Any CPU
		{0ED297EE-DA04-465C-A5CE-4A8A4DE76401}.Debug|Any CPU.Build.0 = Debug|Any CPU
		{0ED297EE-DA04-465C-A5CE-4A8A4DE76401}.Release|Any CPU.ActiveCfg = Release|Any CPU
		{0ED297EE-DA04-465C-A5CE-4A8A4DE76401}.Release|Any CPU.Build.0 = Release|Any CPU
		{DA554A8E-B0A3-4E82-9649-E6B5231CF22E}.Debug|Any CPU.ActiveCfg = Debug|Any CPU
		{DA554A8E-B0A3-4E82-9649-E6B5231CF22E}.Debug|Any CPU.Build.0 = Debug|Any CPU
		{DA554A8E-B0A3-4E82-9649-E6B5231CF22E}.Release|Any CPU.ActiveCfg = Release|Any CPU
		{DA554A8E-B0A3-4E82-9649-E6B5231CF22E}.Release|Any CPU.Build.0 = Release|Any CPU
	EndGlobalSection
	GlobalSection(SolutionProperties) = preSolution
		HideSolutionNode = FALSE
	EndGlobalSection
	GlobalSection(ExtensibilityGlobals) = postSolution
		SolutionGuid = {F2452BC5-4710-4848-BE8B-2D5D7B3D98FA}
	EndGlobalSection
EndGlobal
